// !$*UTF8*$!
{
	archiveVersion = 1;
	classes = {
	};
	objectVersion = 56;
	objects = {

/* Begin PBXBuildFile section */
		059B9B7629EC67C900AD63E0 /* AppDelegate.swift in Sources */ = {isa = PBXBuildFile; fileRef = 059B9B7529EC67C900AD63E0 /* AppDelegate.swift */; };
		059B9B7829EC67C900AD63E0 /* SceneDelegate.swift in Sources */ = {isa = PBXBuildFile; fileRef = 059B9B7729EC67C900AD63E0 /* SceneDelegate.swift */; };
		059B9B7D29EC67C900AD63E0 /* Main.storyboard in Resources */ = {isa = PBXBuildFile; fileRef = 059B9B7B29EC67C900AD63E0 /* Main.storyboard */; };
		059B9B7F29EC67CA00AD63E0 /* Assets.xcassets in Resources */ = {isa = PBXBuildFile; fileRef = 059B9B7E29EC67CA00AD63E0 /* Assets.xcassets */; };
		059B9B8229EC67CA00AD63E0 /* LaunchScreen.storyboard in Resources */ = {isa = PBXBuildFile; fileRef = 059B9B8029EC67CA00AD63E0 /* LaunchScreen.storyboard */; };
		059B9B8D29EC67CA00AD63E0 /* YelpiOSAppTests.swift in Sources */ = {isa = PBXBuildFile; fileRef = 059B9B8C29EC67CA00AD63E0 /* YelpiOSAppTests.swift */; };
		059B9B9729EC67CA00AD63E0 /* YelpiOSAppUITests.swift in Sources */ = {isa = PBXBuildFile; fileRef = 059B9B9629EC67CA00AD63E0 /* YelpiOSAppUITests.swift */; };
		059B9B9929EC67CA00AD63E0 /* YelpiOSAppUITestsLaunchTests.swift in Sources */ = {isa = PBXBuildFile; fileRef = 059B9B9829EC67CA00AD63E0 /* YelpiOSAppUITestsLaunchTests.swift */; };
		059B9BAB29EC6FD700AD63E0 /* YelpHomeViewController.swift in Sources */ = {isa = PBXBuildFile; fileRef = 059B9BAA29EC6FD700AD63E0 /* YelpHomeViewController.swift */; };
		059B9BAD29EC875D00AD63E0 /* YelpHomeViewModel+PrototypeData.swift in Sources */ = {isa = PBXBuildFile; fileRef = 059B9BAC29EC875D00AD63E0 /* YelpHomeViewModel+PrototypeData.swift */; };
		059B9BAF29EC936700AD63E0 /* YelpHomeViewModel.swift in Sources */ = {isa = PBXBuildFile; fileRef = 059B9BAE29EC936700AD63E0 /* YelpHomeViewModel.swift */; };
		059B9BB429EC9A5400AD63E0 /* YelpHomeViewCustomCell.swift in Sources */ = {isa = PBXBuildFile; fileRef = 059B9BB229EC9A5400AD63E0 /* YelpHomeViewCustomCell.swift */; };
		059B9BB529EC9A5400AD63E0 /* YelpHomeViewCustomCell.xib in Resources */ = {isa = PBXBuildFile; fileRef = 059B9BB329EC9A5400AD63E0 /* YelpHomeViewCustomCell.xib */; };
/* End PBXBuildFile section */

/* Begin PBXContainerItemProxy section */
		059B9B8929EC67CA00AD63E0 /* PBXContainerItemProxy */ = {
			isa = PBXContainerItemProxy;
			containerPortal = 059B9B6A29EC67C900AD63E0 /* Project object */;
			proxyType = 1;
			remoteGlobalIDString = 059B9B7129EC67C900AD63E0;
			remoteInfo = YelpiOSApp;
		};
		059B9B9329EC67CA00AD63E0 /* PBXContainerItemProxy */ = {
			isa = PBXContainerItemProxy;
			containerPortal = 059B9B6A29EC67C900AD63E0 /* Project object */;
			proxyType = 1;
			remoteGlobalIDString = 059B9B7129EC67C900AD63E0;
			remoteInfo = YelpiOSApp;
		};
/* End PBXContainerItemProxy section */

/* Begin PBXFileReference section */
		059B9B7229EC67C900AD63E0 /* YelpiOSApp.app */ = {isa = PBXFileReference; explicitFileType = wrapper.application; includeInIndex = 0; path = YelpiOSApp.app; sourceTree = BUILT_PRODUCTS_DIR; };
		059B9B7529EC67C900AD63E0 /* AppDelegate.swift */ = {isa = PBXFileReference; lastKnownFileType = sourcecode.swift; path = AppDelegate.swift; sourceTree = "<group>"; };
		059B9B7729EC67C900AD63E0 /* SceneDelegate.swift */ = {isa = PBXFileReference; lastKnownFileType = sourcecode.swift; path = SceneDelegate.swift; sourceTree = "<group>"; };
		059B9B7C29EC67C900AD63E0 /* Base */ = {isa = PBXFileReference; lastKnownFileType = file.storyboard; name = Base; path = Base.lproj/Main.storyboard; sourceTree = "<group>"; };
		059B9B7E29EC67CA00AD63E0 /* Assets.xcassets */ = {isa = PBXFileReference; lastKnownFileType = folder.assetcatalog; path = Assets.xcassets; sourceTree = "<group>"; };
		059B9B8129EC67CA00AD63E0 /* Base */ = {isa = PBXFileReference; lastKnownFileType = file.storyboard; name = Base; path = Base.lproj/LaunchScreen.storyboard; sourceTree = "<group>"; };
		059B9B8329EC67CA00AD63E0 /* Info.plist */ = {isa = PBXFileReference; lastKnownFileType = text.plist.xml; path = Info.plist; sourceTree = "<group>"; };
		059B9B8829EC67CA00AD63E0 /* YelpiOSAppTests.xctest */ = {isa = PBXFileReference; explicitFileType = wrapper.cfbundle; includeInIndex = 0; path = YelpiOSAppTests.xctest; sourceTree = BUILT_PRODUCTS_DIR; };
		059B9B8C29EC67CA00AD63E0 /* YelpiOSAppTests.swift */ = {isa = PBXFileReference; lastKnownFileType = sourcecode.swift; path = YelpiOSAppTests.swift; sourceTree = "<group>"; };
		059B9B9229EC67CA00AD63E0 /* YelpiOSAppUITests.xctest */ = {isa = PBXFileReference; explicitFileType = wrapper.cfbundle; includeInIndex = 0; path = YelpiOSAppUITests.xctest; sourceTree = BUILT_PRODUCTS_DIR; };
		059B9B9629EC67CA00AD63E0 /* YelpiOSAppUITests.swift */ = {isa = PBXFileReference; lastKnownFileType = sourcecode.swift; path = YelpiOSAppUITests.swift; sourceTree = "<group>"; };
		059B9B9829EC67CA00AD63E0 /* YelpiOSAppUITestsLaunchTests.swift */ = {isa = PBXFileReference; lastKnownFileType = sourcecode.swift; path = YelpiOSAppUITestsLaunchTests.swift; sourceTree = "<group>"; };
		059B9BAA29EC6FD700AD63E0 /* YelpHomeViewController.swift */ = {isa = PBXFileReference; lastKnownFileType = sourcecode.swift; path = YelpHomeViewController.swift; sourceTree = "<group>"; };
		059B9BAC29EC875D00AD63E0 /* YelpHomeViewModel+PrototypeData.swift */ = {isa = PBXFileReference; lastKnownFileType = sourcecode.swift; path = "YelpHomeViewModel+PrototypeData.swift"; sourceTree = "<group>"; };
		059B9BAE29EC936700AD63E0 /* YelpHomeViewModel.swift */ = {isa = PBXFileReference; lastKnownFileType = sourcecode.swift; path = YelpHomeViewModel.swift; sourceTree = "<group>"; };
		059B9BB229EC9A5400AD63E0 /* YelpHomeViewCustomCell.swift */ = {isa = PBXFileReference; lastKnownFileType = sourcecode.swift; path = YelpHomeViewCustomCell.swift; sourceTree = "<group>"; };
		059B9BB329EC9A5400AD63E0 /* YelpHomeViewCustomCell.xib */ = {isa = PBXFileReference; lastKnownFileType = file.xib; path = YelpHomeViewCustomCell.xib; sourceTree = "<group>"; };
/* End PBXFileReference section */

/* Begin PBXFrameworksBuildPhase section */
		059B9B6F29EC67C900AD63E0 /* Frameworks */ = {
			isa = PBXFrameworksBuildPhase;
			buildActionMask = 2147483647;
			files = (
			);
			runOnlyForDeploymentPostprocessing = 0;
		};
		059B9B8529EC67CA00AD63E0 /* Frameworks */ = {
			isa = PBXFrameworksBuildPhase;
			buildActionMask = 2147483647;
			files = (
			);
			runOnlyForDeploymentPostprocessing = 0;
		};
		059B9B8F29EC67CA00AD63E0 /* Frameworks */ = {
			isa = PBXFrameworksBuildPhase;
			buildActionMask = 2147483647;
			files = (
			);
			runOnlyForDeploymentPostprocessing = 0;
		};
/* End PBXFrameworksBuildPhase section */

/* Begin PBXGroup section */
		059B9B6929EC67C900AD63E0 = {
			isa = PBXGroup;
			children = (
				059B9B7429EC67C900AD63E0 /* YelpiOSApp */,
				059B9B8B29EC67CA00AD63E0 /* YelpiOSAppTests */,
				059B9B9529EC67CA00AD63E0 /* YelpiOSAppUITests */,
				059B9B7329EC67C900AD63E0 /* Products */,
			);
			sourceTree = "<group>";
		};
		059B9B7329EC67C900AD63E0 /* Products */ = {
			isa = PBXGroup;
			children = (
				059B9B7229EC67C900AD63E0 /* YelpiOSApp.app */,
				059B9B8829EC67CA00AD63E0 /* YelpiOSAppTests.xctest */,
				059B9B9229EC67CA00AD63E0 /* YelpiOSAppUITests.xctest */,
			);
			name = Products;
			sourceTree = "<group>";
		};
		059B9B7429EC67C900AD63E0 /* YelpiOSApp */ = {
			isa = PBXGroup;
			children = (
				059B9BA629EC6F4F00AD63E0 /* DetailScene */,
				059B9BA529EC6F4000AD63E0 /* HomeScene */,
				059B9B7529EC67C900AD63E0 /* AppDelegate.swift */,
				059B9B7729EC67C900AD63E0 /* SceneDelegate.swift */,
				059B9B7B29EC67C900AD63E0 /* Main.storyboard */,
				059B9B7E29EC67CA00AD63E0 /* Assets.xcassets */,
				059B9B8029EC67CA00AD63E0 /* LaunchScreen.storyboard */,
				059B9B8329EC67CA00AD63E0 /* Info.plist */,
			);
			path = YelpiOSApp;
			sourceTree = "<group>";
		};
		059B9B8B29EC67CA00AD63E0 /* YelpiOSAppTests */ = {
			isa = PBXGroup;
			children = (
				059B9B8C29EC67CA00AD63E0 /* YelpiOSAppTests.swift */,
			);
			path = YelpiOSAppTests;
			sourceTree = "<group>";
		};
		059B9B9529EC67CA00AD63E0 /* YelpiOSAppUITests */ = {
			isa = PBXGroup;
			children = (
				059B9B9629EC67CA00AD63E0 /* YelpiOSAppUITests.swift */,
				059B9B9829EC67CA00AD63E0 /* YelpiOSAppUITestsLaunchTests.swift */,
			);
			path = YelpiOSAppUITests;
			sourceTree = "<group>";
		};
		059B9BA529EC6F4000AD63E0 /* HomeScene */ = {
			isa = PBXGroup;
			children = (
				059B9BA929EC6F8F00AD63E0 /* Views */,
				059B9BA829EC6F7A00AD63E0 /* ViewModel */,
				059B9BA729EC6F6400AD63E0 /* Model */,
			);
			path = HomeScene;
			sourceTree = "<group>";
		};
		059B9BA629EC6F4F00AD63E0 /* DetailScene */ = {
			isa = PBXGroup;
			children = (
			);
			path = DetailScene;
			sourceTree = "<group>";
		};
		059B9BA729EC6F6400AD63E0 /* Model */ = {
			isa = PBXGroup;
			children = (
			);
			path = Model;
			sourceTree = "<group>";
		};
		059B9BA829EC6F7A00AD63E0 /* ViewModel */ = {
			isa = PBXGroup;
			children = (
				059B9BAE29EC936700AD63E0 /* YelpHomeViewModel.swift */,
				059B9BAC29EC875D00AD63E0 /* YelpHomeViewModel+PrototypeData.swift */,
			);
			path = ViewModel;
			sourceTree = "<group>";
		};
		059B9BA929EC6F8F00AD63E0 /* Views */ = {
			isa = PBXGroup;
			children = (
				059B9BAA29EC6FD700AD63E0 /* YelpHomeViewController.swift */,
				059B9BB229EC9A5400AD63E0 /* YelpHomeViewCustomCell.swift */,
				059B9BB329EC9A5400AD63E0 /* YelpHomeViewCustomCell.xib */,
			);
			path = Views;
			sourceTree = "<group>";
		};
/* End PBXGroup section */

/* Begin PBXNativeTarget section */
		059B9B7129EC67C900AD63E0 /* YelpiOSApp */ = {
			isa = PBXNativeTarget;
			buildConfigurationList = 059B9B9C29EC67CA00AD63E0 /* Build configuration list for PBXNativeTarget "YelpiOSApp" */;
			buildPhases = (
				059B9B6E29EC67C900AD63E0 /* Sources */,
				059B9B6F29EC67C900AD63E0 /* Frameworks */,
				059B9B7029EC67C900AD63E0 /* Resources */,
			);
			buildRules = (
			);
			dependencies = (
			);
			name = YelpiOSApp;
			productName = YelpiOSApp;
			productReference = 059B9B7229EC67C900AD63E0 /* YelpiOSApp.app */;
			productType = "com.apple.product-type.application";
		};
		059B9B8729EC67CA00AD63E0 /* YelpiOSAppTests */ = {
			isa = PBXNativeTarget;
			buildConfigurationList = 059B9B9F29EC67CA00AD63E0 /* Build configuration list for PBXNativeTarget "YelpiOSAppTests" */;
			buildPhases = (
				059B9B8429EC67CA00AD63E0 /* Sources */,
				059B9B8529EC67CA00AD63E0 /* Frameworks */,
				059B9B8629EC67CA00AD63E0 /* Resources */,
			);
			buildRules = (
			);
			dependencies = (
				059B9B8A29EC67CA00AD63E0 /* PBXTargetDependency */,
			);
			name = YelpiOSAppTests;
			productName = YelpiOSAppTests;
			productReference = 059B9B8829EC67CA00AD63E0 /* YelpiOSAppTests.xctest */;
			productType = "com.apple.product-type.bundle.unit-test";
		};
		059B9B9129EC67CA00AD63E0 /* YelpiOSAppUITests */ = {
			isa = PBXNativeTarget;
			buildConfigurationList = 059B9BA229EC67CA00AD63E0 /* Build configuration list for PBXNativeTarget "YelpiOSAppUITests" */;
			buildPhases = (
				059B9B8E29EC67CA00AD63E0 /* Sources */,
				059B9B8F29EC67CA00AD63E0 /* Frameworks */,
				059B9B9029EC67CA00AD63E0 /* Resources */,
			);
			buildRules = (
			);
			dependencies = (
				059B9B9429EC67CA00AD63E0 /* PBXTargetDependency */,
			);
			name = YelpiOSAppUITests;
			productName = YelpiOSAppUITests;
			productReference = 059B9B9229EC67CA00AD63E0 /* YelpiOSAppUITests.xctest */;
			productType = "com.apple.product-type.bundle.ui-testing";
		};
/* End PBXNativeTarget section */

/* Begin PBXProject section */
		059B9B6A29EC67C900AD63E0 /* Project object */ = {
			isa = PBXProject;
			attributes = {
				BuildIndependentTargetsInParallel = 1;
				LastSwiftUpdateCheck = 1420;
				LastUpgradeCheck = 1420;
				TargetAttributes = {
					059B9B7129EC67C900AD63E0 = {
						CreatedOnToolsVersion = 14.2;
					};
					059B9B8729EC67CA00AD63E0 = {
						CreatedOnToolsVersion = 14.2;
						TestTargetID = 059B9B7129EC67C900AD63E0;
					};
					059B9B9129EC67CA00AD63E0 = {
						CreatedOnToolsVersion = 14.2;
						TestTargetID = 059B9B7129EC67C900AD63E0;
					};
				};
			};
			buildConfigurationList = 059B9B6D29EC67C900AD63E0 /* Build configuration list for PBXProject "YelpiOSApp" */;
			compatibilityVersion = "Xcode 14.0";
			developmentRegion = en;
			hasScannedForEncodings = 0;
			knownRegions = (
				en,
				Base,
			);
			mainGroup = 059B9B6929EC67C900AD63E0;
			productRefGroup = 059B9B7329EC67C900AD63E0 /* Products */;
			projectDirPath = "";
			projectRoot = "";
			targets = (
				059B9B7129EC67C900AD63E0 /* YelpiOSApp */,
				059B9B8729EC67CA00AD63E0 /* YelpiOSAppTests */,
				059B9B9129EC67CA00AD63E0 /* YelpiOSAppUITests */,
			);
		};
/* End PBXProject section */

/* Begin PBXResourcesBuildPhase section */
		059B9B7029EC67C900AD63E0 /* Resources */ = {
			isa = PBXResourcesBuildPhase;
			buildActionMask = 2147483647;
			files = (
				059B9BB529EC9A5400AD63E0 /* YelpHomeViewCustomCell.xib in Resources */,
				059B9B8229EC67CA00AD63E0 /* LaunchScreen.storyboard in Resources */,
				059B9B7F29EC67CA00AD63E0 /* Assets.xcassets in Resources */,
				059B9B7D29EC67C900AD63E0 /* Main.storyboard in Resources */,
			);
			runOnlyForDeploymentPostprocessing = 0;
		};
		059B9B8629EC67CA00AD63E0 /* Resources */ = {
			isa = PBXResourcesBuildPhase;
			buildActionMask = 2147483647;
			files = (
			);
			runOnlyForDeploymentPostprocessing = 0;
		};
		059B9B9029EC67CA00AD63E0 /* Resources */ = {
			isa = PBXResourcesBuildPhase;
			buildActionMask = 2147483647;
			files = (
			);
			runOnlyForDeploymentPostprocessing = 0;
		};
/* End PBXResourcesBuildPhase section */

/* Begin PBXSourcesBuildPhase section */
		059B9B6E29EC67C900AD63E0 /* Sources */ = {
			isa = PBXSourcesBuildPhase;
			buildActionMask = 2147483647;
			files = (
				059B9BAF29EC936700AD63E0 /* YelpHomeViewModel.swift in Sources */,
				059B9BAD29EC875D00AD63E0 /* YelpHomeViewModel+PrototypeData.swift in Sources */,
				059B9BAB29EC6FD700AD63E0 /* YelpHomeViewController.swift in Sources */,
				059B9B7629EC67C900AD63E0 /* AppDelegate.swift in Sources */,
				059B9BB429EC9A5400AD63E0 /* YelpHomeViewCustomCell.swift in Sources */,
				059B9B7829EC67C900AD63E0 /* SceneDelegate.swift in Sources */,
			);
			runOnlyForDeploymentPostprocessing = 0;
		};
		059B9B8429EC67CA00AD63E0 /* Sources */ = {
			isa = PBXSourcesBuildPhase;
			buildActionMask = 2147483647;
			files = (
				059B9B8D29EC67CA00AD63E0 /* YelpiOSAppTests.swift in Sources */,
			);
			runOnlyForDeploymentPostprocessing = 0;
		};
		059B9B8E29EC67CA00AD63E0 /* Sources */ = {
			isa = PBXSourcesBuildPhase;
			buildActionMask = 2147483647;
			files = (
				059B9B9929EC67CA00AD63E0 /* YelpiOSAppUITestsLaunchTests.swift in Sources */,
				059B9B9729EC67CA00AD63E0 /* YelpiOSAppUITests.swift in Sources */,
			);
			runOnlyForDeploymentPostprocessing = 0;
		};
/* End PBXSourcesBuildPhase section */

/* Begin PBXTargetDependency section */
		059B9B8A29EC67CA00AD63E0 /* PBXTargetDependency */ = {
			isa = PBXTargetDependency;
			target = 059B9B7129EC67C900AD63E0 /* YelpiOSApp */;
			targetProxy = 059B9B8929EC67CA00AD63E0 /* PBXContainerItemProxy */;
		};
		059B9B9429EC67CA00AD63E0 /* PBXTargetDependency */ = {
			isa = PBXTargetDependency;
			target = 059B9B7129EC67C900AD63E0 /* YelpiOSApp */;
			targetProxy = 059B9B9329EC67CA00AD63E0 /* PBXContainerItemProxy */;
		};
/* End PBXTargetDependency section */

/* Begin PBXVariantGroup section */
		059B9B7B29EC67C900AD63E0 /* Main.storyboard */ = {
			isa = PBXVariantGroup;
			children = (
				059B9B7C29EC67C900AD63E0 /* Base */,
			);
			name = Main.storyboard;
			sourceTree = "<group>";
		};
		059B9B8029EC67CA00AD63E0 /* LaunchScreen.storyboard */ = {
			isa = PBXVariantGroup;
			children = (
				059B9B8129EC67CA00AD63E0 /* Base */,
			);
			name = LaunchScreen.storyboard;
			sourceTree = "<group>";
		};
/* End PBXVariantGroup section */

/* Begin XCBuildConfiguration section */
		059B9B9A29EC67CA00AD63E0 /* Debug */ = {
			isa = XCBuildConfiguration;
			buildSettings = {
				ALWAYS_SEARCH_USER_PATHS = NO;
				CLANG_ANALYZER_NONNULL = YES;
				CLANG_ANALYZER_NUMBER_OBJECT_CONVERSION = YES_AGGRESSIVE;
				CLANG_CXX_LANGUAGE_STANDARD = "gnu++20";
				CLANG_ENABLE_MODULES = YES;
				CLANG_ENABLE_OBJC_ARC = YES;
				CLANG_ENABLE_OBJC_WEAK = YES;
				CLANG_WARN_BLOCK_CAPTURE_AUTORELEASING = YES;
				CLANG_WARN_BOOL_CONVERSION = YES;
				CLANG_WARN_COMMA = YES;
				CLANG_WARN_CONSTANT_CONVERSION = YES;
				CLANG_WARN_DEPRECATED_OBJC_IMPLEMENTATIONS = YES;
				CLANG_WARN_DIRECT_OBJC_ISA_USAGE = YES_ERROR;
				CLANG_WARN_DOCUMENTATION_COMMENTS = YES;
				CLANG_WARN_EMPTY_BODY = YES;
				CLANG_WARN_ENUM_CONVERSION = YES;
				CLANG_WARN_INFINITE_RECURSION = YES;
				CLANG_WARN_INT_CONVERSION = YES;
				CLANG_WARN_NON_LITERAL_NULL_CONVERSION = YES;
				CLANG_WARN_OBJC_IMPLICIT_RETAIN_SELF = YES;
				CLANG_WARN_OBJC_LITERAL_CONVERSION = YES;
				CLANG_WARN_OBJC_ROOT_CLASS = YES_ERROR;
				CLANG_WARN_QUOTED_INCLUDE_IN_FRAMEWORK_HEADER = YES;
				CLANG_WARN_RANGE_LOOP_ANALYSIS = YES;
				CLANG_WARN_STRICT_PROTOTYPES = YES;
				CLANG_WARN_SUSPICIOUS_MOVE = YES;
				CLANG_WARN_UNGUARDED_AVAILABILITY = YES_AGGRESSIVE;
				CLANG_WARN_UNREACHABLE_CODE = YES;
				CLANG_WARN__DUPLICATE_METHOD_MATCH = YES;
				COPY_PHASE_STRIP = NO;
				DEBUG_INFORMATION_FORMAT = dwarf;
				ENABLE_STRICT_OBJC_MSGSEND = YES;
				ENABLE_TESTABILITY = YES;
				GCC_C_LANGUAGE_STANDARD = gnu11;
				GCC_DYNAMIC_NO_PIC = NO;
				GCC_NO_COMMON_BLOCKS = YES;
				GCC_OPTIMIZATION_LEVEL = 0;
				GCC_PREPROCESSOR_DEFINITIONS = (
					"DEBUG=1",
					"$(inherited)",
				);
				GCC_WARN_64_TO_32_BIT_CONVERSION = YES;
				GCC_WARN_ABOUT_RETURN_TYPE = YES_ERROR;
				GCC_WARN_UNDECLARED_SELECTOR = YES;
				GCC_WARN_UNINITIALIZED_AUTOS = YES_AGGRESSIVE;
				GCC_WARN_UNUSED_FUNCTION = YES;
				GCC_WARN_UNUSED_VARIABLE = YES;
				IPHONEOS_DEPLOYMENT_TARGET = 16.2;
				MTL_ENABLE_DEBUG_INFO = INCLUDE_SOURCE;
				MTL_FAST_MATH = YES;
				ONLY_ACTIVE_ARCH = YES;
				SDKROOT = iphoneos;
				SWIFT_ACTIVE_COMPILATION_CONDITIONS = DEBUG;
				SWIFT_OPTIMIZATION_LEVEL = "-Onone";
			};
			name = Debug;
		};
		059B9B9B29EC67CA00AD63E0 /* Release */ = {
			isa = XCBuildConfiguration;
			buildSettings = {
				ALWAYS_SEARCH_USER_PATHS = NO;
				CLANG_ANALYZER_NONNULL = YES;
				CLANG_ANALYZER_NUMBER_OBJECT_CONVERSION = YES_AGGRESSIVE;
				CLANG_CXX_LANGUAGE_STANDARD = "gnu++20";
				CLANG_ENABLE_MODULES = YES;
				CLANG_ENABLE_OBJC_ARC = YES;
				CLANG_ENABLE_OBJC_WEAK = YES;
				CLANG_WARN_BLOCK_CAPTURE_AUTORELEASING = YES;
				CLANG_WARN_BOOL_CONVERSION = YES;
				CLANG_WARN_COMMA = YES;
				CLANG_WARN_CONSTANT_CONVERSION = YES;
				CLANG_WARN_DEPRECATED_OBJC_IMPLEMENTATIONS = YES;
				CLANG_WARN_DIRECT_OBJC_ISA_USAGE = YES_ERROR;
				CLANG_WARN_DOCUMENTATION_COMMENTS = YES;
				CLANG_WARN_EMPTY_BODY = YES;
				CLANG_WARN_ENUM_CONVERSION = YES;
				CLANG_WARN_INFINITE_RECURSION = YES;
				CLANG_WARN_INT_CONVERSION = YES;
				CLANG_WARN_NON_LITERAL_NULL_CONVERSION = YES;
				CLANG_WARN_OBJC_IMPLICIT_RETAIN_SELF = YES;
				CLANG_WARN_OBJC_LITERAL_CONVERSION = YES;
				CLANG_WARN_OBJC_ROOT_CLASS = YES_ERROR;
				CLANG_WARN_QUOTED_INCLUDE_IN_FRAMEWORK_HEADER = YES;
				CLANG_WARN_RANGE_LOOP_ANALYSIS = YES;
				CLANG_WARN_STRICT_PROTOTYPES = YES;
				CLANG_WARN_SUSPICIOUS_MOVE = YES;
				CLANG_WARN_UNGUARDED_AVAILABILITY = YES_AGGRESSIVE;
				CLANG_WARN_UNREACHABLE_CODE = YES;
				CLANG_WARN__DUPLICATE_METHOD_MATCH = YES;
				COPY_PHASE_STRIP = NO;
				DEBUG_INFORMATION_FORMAT = "dwarf-with-dsym";
				ENABLE_NS_ASSERTIONS = NO;
				ENABLE_STRICT_OBJC_MSGSEND = YES;
				GCC_C_LANGUAGE_STANDARD = gnu11;
				GCC_NO_COMMON_BLOCKS = YES;
				GCC_WARN_64_TO_32_BIT_CONVERSION = YES;
				GCC_WARN_ABOUT_RETURN_TYPE = YES_ERROR;
				GCC_WARN_UNDECLARED_SELECTOR = YES;
				GCC_WARN_UNINITIALIZED_AUTOS = YES_AGGRESSIVE;
				GCC_WARN_UNUSED_FUNCTION = YES;
				GCC_WARN_UNUSED_VARIABLE = YES;
				IPHONEOS_DEPLOYMENT_TARGET = 16.2;
				MTL_ENABLE_DEBUG_INFO = NO;
				MTL_FAST_MATH = YES;
				SDKROOT = iphoneos;
				SWIFT_COMPILATION_MODE = wholemodule;
				SWIFT_OPTIMIZATION_LEVEL = "-O";
				VALIDATE_PRODUCT = YES;
			};
			name = Release;
		};
		059B9B9D29EC67CA00AD63E0 /* Debug */ = {
			isa = XCBuildConfiguration;
			buildSettings = {
				ASSETCATALOG_COMPILER_APPICON_NAME = AppIcon;
				ASSETCATALOG_COMPILER_GLOBAL_ACCENT_COLOR_NAME = AccentColor;
				CODE_SIGN_STYLE = Automatic;
				CURRENT_PROJECT_VERSION = 1;
				GENERATE_INFOPLIST_FILE = YES;
				INFOPLIST_FILE = YelpiOSApp/Info.plist;
				INFOPLIST_KEY_UIApplicationSupportsIndirectInputEvents = YES;
				INFOPLIST_KEY_UILaunchStoryboardName = LaunchScreen;
				INFOPLIST_KEY_UIMainStoryboardFile = Main;
				INFOPLIST_KEY_UISupportedInterfaceOrientations_iPad = "UIInterfaceOrientationPortrait UIInterfaceOrientationPortraitUpsideDown UIInterfaceOrientationLandscapeLeft UIInterfaceOrientationLandscapeRight";
				INFOPLIST_KEY_UISupportedInterfaceOrientations_iPhone = "UIInterfaceOrientationPortrait UIInterfaceOrientationLandscapeLeft UIInterfaceOrientationLandscapeRight";
				LD_RUNPATH_SEARCH_PATHS = (
					"$(inherited)",
					"@executable_path/Frameworks",
				);
				MARKETING_VERSION = 1.0;
				PRODUCT_BUNDLE_IDENTIFIER = byteweavers.com.YelpiOSApp;
				PRODUCT_NAME = "$(TARGET_NAME)";
				SWIFT_EMIT_LOC_STRINGS = YES;
				SWIFT_VERSION = 5.0;
				TARGETED_DEVICE_FAMILY = "1,2";
			};
			name = Debug;
		};
		059B9B9E29EC67CA00AD63E0 /* Release */ = {
			isa = XCBuildConfiguration;
			buildSettings = {
				ASSETCATALOG_COMPILER_APPICON_NAME = AppIcon;
				ASSETCATALOG_COMPILER_GLOBAL_ACCENT_COLOR_NAME = AccentColor;
				CODE_SIGN_STYLE = Automatic;
				CURRENT_PROJECT_VERSION = 1;
				GENERATE_INFOPLIST_FILE = YES;
				INFOPLIST_FILE = YelpiOSApp/Info.plist;
				INFOPLIST_KEY_UIApplicationSupportsIndirectInputEvents = YES;
				INFOPLIST_KEY_UILaunchStoryboardName = LaunchScreen;
				INFOPLIST_KEY_UIMainStoryboardFile = Main;
				INFOPLIST_KEY_UISupportedInterfaceOrientations_iPad = "UIInterfaceOrientationPortrait UIInterfaceOrientationPortraitUpsideDown UIInterfaceOrientationLandscapeLeft UIInterfaceOrientationLandscapeRight";
				INFOPLIST_KEY_UISupportedInterfaceOrientations_iPhone = "UIInterfaceOrientationPortrait UIInterfaceOrientationLandscapeLeft UIInterfaceOrientationLandscapeRight";
				LD_RUNPATH_SEARCH_PATHS = (
					"$(inherited)",
					"@executable_path/Frameworks",
				);
				MARKETING_VERSION = 1.0;
				PRODUCT_BUNDLE_IDENTIFIER = byteweavers.com.YelpiOSApp;
				PRODUCT_NAME = "$(TARGET_NAME)";
				SWIFT_EMIT_LOC_STRINGS = YES;
				SWIFT_VERSION = 5.0;
				TARGETED_DEVICE_FAMILY = "1,2";
			};
			name = Release;
		};
		059B9BA029EC67CA00AD63E0 /* Debug */ = {
			isa = XCBuildConfiguration;
			buildSettings = {
				ALWAYS_EMBED_SWIFT_STANDARD_LIBRARIES = YES;
				BUNDLE_LOADER = "$(TEST_HOST)";
				CODE_SIGN_STYLE = Automatic;
				CURRENT_PROJECT_VERSION = 1;
				GENERATE_INFOPLIST_FILE = YES;
				IPHONEOS_DEPLOYMENT_TARGET = 16.2;
				MARKETING_VERSION = 1.0;
				PRODUCT_BUNDLE_IDENTIFIER = byteweavers.com.YelpiOSAppTests;
				PRODUCT_NAME = "$(TARGET_NAME)";
				SWIFT_EMIT_LOC_STRINGS = NO;
				SWIFT_VERSION = 5.0;
				TARGETED_DEVICE_FAMILY = "1,2";
				TEST_HOST = "$(BUILT_PRODUCTS_DIR)/YelpiOSApp.app/$(BUNDLE_EXECUTABLE_FOLDER_PATH)/YelpiOSApp";
			};
			name = Debug;
		};
		059B9BA129EC67CA00AD63E0 /* Release */ = {
			isa = XCBuildConfiguration;
			buildSettings = {
				ALWAYS_EMBED_SWIFT_STANDARD_LIBRARIES = YES;
				BUNDLE_LOADER = "$(TEST_HOST)";
				CODE_SIGN_STYLE = Automatic;
				CURRENT_PROJECT_VERSION = 1;
				GENERATE_INFOPLIST_FILE = YES;
				IPHONEOS_DEPLOYMENT_TARGET = 16.2;
				MARKETING_VERSION = 1.0;
				PRODUCT_BUNDLE_IDENTIFIER = byteweavers.com.YelpiOSAppTests;
				PRODUCT_NAME = "$(TARGET_NAME)";
				SWIFT_EMIT_LOC_STRINGS = NO;
				SWIFT_VERSION = 5.0;
				TARGETED_DEVICE_FAMILY = "1,2";
				TEST_HOST = "$(BUILT_PRODUCTS_DIR)/YelpiOSApp.app/$(BUNDLE_EXECUTABLE_FOLDER_PATH)/YelpiOSApp";
			};
			name = Release;
		};
		059B9BA329EC67CA00AD63E0 /* Debug */ = {
			isa = XCBuildConfiguration;
			buildSettings = {
				ALWAYS_EMBED_SWIFT_STANDARD_LIBRARIES = YES;
				CODE_SIGN_STYLE = Automatic;
				CURRENT_PROJECT_VERSION = 1;
				GENERATE_INFOPLIST_FILE = YES;
				MARKETING_VERSION = 1.0;
				PRODUCT_BUNDLE_IDENTIFIER = byteweavers.com.YelpiOSAppUITests;
				PRODUCT_NAME = "$(TARGET_NAME)";
				SWIFT_EMIT_LOC_STRINGS = NO;
				SWIFT_VERSION = 5.0;
				TARGETED_DEVICE_FAMILY = "1,2";
				TEST_TARGET_NAME = YelpiOSApp;
			};
			name = Debug;
		};
		059B9BA429EC67CA00AD63E0 /* Release */ = {
			isa = XCBuildConfiguration;
			buildSettings = {
				ALWAYS_EMBED_SWIFT_STANDARD_LIBRARIES = YES;
				CODE_SIGN_STYLE = Automatic;
				CURRENT_PROJECT_VERSION = 1;
				GENERATE_INFOPLIST_FILE = YES;
				MARKETING_VERSION = 1.0;
				PRODUCT_BUNDLE_IDENTIFIER = byteweavers.com.YelpiOSAppUITests;
				PRODUCT_NAME = "$(TARGET_NAME)";
				SWIFT_EMIT_LOC_STRINGS = NO;
				SWIFT_VERSION = 5.0;
				TARGETED_DEVICE_FAMILY = "1,2";
				TEST_TARGET_NAME = YelpiOSApp;
			};
			name = Release;
		};
/* End XCBuildConfiguration section */

/* Begin XCConfigurationList section */
		059B9B6D29EC67C900AD63E0 /* Build configuration list for PBXProject "YelpiOSApp" */ = {
			isa = XCConfigurationList;
			buildConfigurations = (
				059B9B9A29EC67CA00AD63E0 /* Debug */,
				059B9B9B29EC67CA00AD63E0 /* Release */,
			);
			defaultConfigurationIsVisible = 0;
			defaultConfigurationName = Release;
		};
		059B9B9C29EC67CA00AD63E0 /* Build configuration list for PBXNativeTarget "YelpiOSApp" */ = {
			isa = XCConfigurationList;
			buildConfigurations = (
				059B9B9D29EC67CA00AD63E0 /* Debug */,
				059B9B9E29EC67CA00AD63E0 /* Release */,
			);
			defaultConfigurationIsVisible = 0;
			defaultConfigurationName = Release;
		};
		059B9B9F29EC67CA00AD63E0 /* Build configuration list for PBXNativeTarget "YelpiOSAppTests" */ = {
			isa = XCConfigurationList;
			buildConfigurations = (
				059B9BA029EC67CA00AD63E0 /* Debug */,
				059B9BA129EC67CA00AD63E0 /* Release */,
			);
			defaultConfigurationIsVisible = 0;
			defaultConfigurationName = Release;
		};
		059B9BA229EC67CA00AD63E0 /* Build configuration list for PBXNativeTarget "YelpiOSAppUITests" */ = {
			isa = XCConfigurationList;
			buildConfigurations = (
				059B9BA329EC67CA00AD63E0 /* Debug */,
				059B9BA429EC67CA00AD63E0 /* Release */,
			);
			defaultConfigurationIsVisible = 0;
			defaultConfigurationName = Release;
		};
/* End XCConfigurationList section */
	};
	rootObject = 059B9B6A29EC67C900AD63E0 /* Project object */;
}
